// !$*UTF8*$!
{
	archiveVersion = 1;
	classes = {
	};
	objectVersion = 56;
	objects = {

/* Begin PBXBuildFile section */
		18737A802985347400368E5F /* SwiftUI_VideosApp.swift in Sources */ = {isa = PBXBuildFile; fileRef = 18737A7F2985347400368E5F /* SwiftUI_VideosApp.swift */; };
		18737A822985347400368E5F /* ContentView.swift in Sources */ = {isa = PBXBuildFile; fileRef = 18737A812985347400368E5F /* ContentView.swift */; };
		18737A842985347500368E5F /* Assets.xcassets in Resources */ = {isa = PBXBuildFile; fileRef = 18737A832985347500368E5F /* Assets.xcassets */; };
		18737A872985347500368E5F /* Preview Assets.xcassets in Resources */ = {isa = PBXBuildFile; fileRef = 18737A862985347500368E5F /* Preview Assets.xcassets */; };
		18737A912985347500368E5F /* SwiftUI_VideosTests.swift in Sources */ = {isa = PBXBuildFile; fileRef = 18737A902985347500368E5F /* SwiftUI_VideosTests.swift */; };
		18737A9B2985347500368E5F /* SwiftUI_VideosUITests.swift in Sources */ = {isa = PBXBuildFile; fileRef = 18737A9A2985347500368E5F /* SwiftUI_VideosUITests.swift */; };
		18737A9D2985347500368E5F /* SwiftUI_VideosUITestsLaunchTests.swift in Sources */ = {isa = PBXBuildFile; fileRef = 18737A9C2985347500368E5F /* SwiftUI_VideosUITestsLaunchTests.swift */; };
		18737AAA29853CA600368E5F /* Videos.swift in Sources */ = {isa = PBXBuildFile; fileRef = 18737AA929853CA600368E5F /* Videos.swift */; };
/* End PBXBuildFile section */

/* Begin PBXContainerItemProxy section */
		18737A8D2985347500368E5F /* PBXContainerItemProxy */ = {
			isa = PBXContainerItemProxy;
			containerPortal = 18737A742985347400368E5F /* Project object */;
			proxyType = 1;
			remoteGlobalIDString = 18737A7B2985347400368E5F;
			remoteInfo = "SwiftUI-Videos";
		};
		18737A972985347500368E5F /* PBXContainerItemProxy */ = {
			isa = PBXContainerItemProxy;
			containerPortal = 18737A742985347400368E5F /* Project object */;
			proxyType = 1;
			remoteGlobalIDString = 18737A7B2985347400368E5F;
			remoteInfo = "SwiftUI-Videos";
		};
/* End PBXContainerItemProxy section */

/* Begin PBXFileReference section */
		18737A7C2985347400368E5F /* SwiftUI-Videos.app */ = {isa = PBXFileReference; explicitFileType = wrapper.application; includeInIndex = 0; path = "SwiftUI-Videos.app"; sourceTree = BUILT_PRODUCTS_DIR; };
		18737A7F2985347400368E5F /* SwiftUI_VideosApp.swift */ = {isa = PBXFileReference; lastKnownFileType = sourcecode.swift; path = SwiftUI_VideosApp.swift; sourceTree = "<group>"; };
		18737A812985347400368E5F /* ContentView.swift */ = {isa = PBXFileReference; lastKnownFileType = sourcecode.swift; path = ContentView.swift; sourceTree = "<group>"; };
		18737A832985347500368E5F /* Assets.xcassets */ = {isa = PBXFileReference; lastKnownFileType = folder.assetcatalog; path = Assets.xcassets; sourceTree = "<group>"; };
		18737A862985347500368E5F /* Preview Assets.xcassets */ = {isa = PBXFileReference; lastKnownFileType = folder.assetcatalog; path = "Preview Assets.xcassets"; sourceTree = "<group>"; };
		18737A8C2985347500368E5F /* SwiftUI-VideosTests.xctest */ = {isa = PBXFileReference; explicitFileType = wrapper.cfbundle; includeInIndex = 0; path = "SwiftUI-VideosTests.xctest"; sourceTree = BUILT_PRODUCTS_DIR; };
		18737A902985347500368E5F /* SwiftUI_VideosTests.swift */ = {isa = PBXFileReference; lastKnownFileType = sourcecode.swift; path = SwiftUI_VideosTests.swift; sourceTree = "<group>"; };
		18737A962985347500368E5F /* SwiftUI-VideosUITests.xctest */ = {isa = PBXFileReference; explicitFileType = wrapper.cfbundle; includeInIndex = 0; path = "SwiftUI-VideosUITests.xctest"; sourceTree = BUILT_PRODUCTS_DIR; };
		18737A9A2985347500368E5F /* SwiftUI_VideosUITests.swift */ = {isa = PBXFileReference; lastKnownFileType = sourcecode.swift; path = SwiftUI_VideosUITests.swift; sourceTree = "<group>"; };
		18737A9C2985347500368E5F /* SwiftUI_VideosUITestsLaunchTests.swift */ = {isa = PBXFileReference; lastKnownFileType = sourcecode.swift; path = SwiftUI_VideosUITestsLaunchTests.swift; sourceTree = "<group>"; };
		18737AA929853CA600368E5F /* Videos.swift */ = {isa = PBXFileReference; lastKnownFileType = sourcecode.swift; path = Videos.swift; sourceTree = "<group>"; };
/* End PBXFileReference section */

/* Begin PBXFrameworksBuildPhase section */
		18737A792985347400368E5F /* Frameworks */ = {
			isa = PBXFrameworksBuildPhase;
			buildActionMask = 2147483647;
			files = (
			);
			runOnlyForDeploymentPostprocessing = 0;
		};
		18737A892985347500368E5F /* Frameworks */ = {
			isa = PBXFrameworksBuildPhase;
			buildActionMask = 2147483647;
			files = (
			);
			runOnlyForDeploymentPostprocessing = 0;
		};
		18737A932985347500368E5F /* Frameworks */ = {
			isa = PBXFrameworksBuildPhase;
			buildActionMask = 2147483647;
			files = (
			);
			runOnlyForDeploymentPostprocessing = 0;
		};
/* End PBXFrameworksBuildPhase section */

/* Begin PBXGroup section */
		18737A732985347400368E5F = {
			isa = PBXGroup;
			children = (
				18737A7E2985347400368E5F /* SwiftUI-Videos */,
				18737A8F2985347500368E5F /* SwiftUI-VideosTests */,
				18737A992985347500368E5F /* SwiftUI-VideosUITests */,
				18737A7D2985347400368E5F /* Products */,
			);
			sourceTree = "<group>";
		};
		18737A7D2985347400368E5F /* Products */ = {
			isa = PBXGroup;
			children = (
				18737A7C2985347400368E5F /* SwiftUI-Videos.app */,
				18737A8C2985347500368E5F /* SwiftUI-VideosTests.xctest */,
				18737A962985347500368E5F /* SwiftUI-VideosUITests.xctest */,
			);
			name = Products;
			sourceTree = "<group>";
		};
		18737A7E2985347400368E5F /* SwiftUI-Videos */ = {
			isa = PBXGroup;
			children = (
				18737A7F2985347400368E5F /* SwiftUI_VideosApp.swift */,
				18737A812985347400368E5F /* ContentView.swift */,
				18737AA929853CA600368E5F /* Videos.swift */,
				18737A832985347500368E5F /* Assets.xcassets */,
				18737A852985347500368E5F /* Preview Content */,
			);
			path = "SwiftUI-Videos";
			sourceTree = "<group>";
		};
		18737A852985347500368E5F /* Preview Content */ = {
			isa = PBXGroup;
			children = (
				18737A862985347500368E5F /* Preview Assets.xcassets */,
			);
			path = "Preview Content";
			sourceTree = "<group>";
		};
		18737A8F2985347500368E5F /* SwiftUI-VideosTests */ = {
			isa = PBXGroup;
			children = (
				18737A902985347500368E5F /* SwiftUI_VideosTests.swift */,
			);
			path = "SwiftUI-VideosTests";
			sourceTree = "<group>";
		};
		18737A992985347500368E5F /* SwiftUI-VideosUITests */ = {
			isa = PBXGroup;
			children = (
				18737A9A2985347500368E5F /* SwiftUI_VideosUITests.swift */,
				18737A9C2985347500368E5F /* SwiftUI_VideosUITestsLaunchTests.swift */,
			);
			path = "SwiftUI-VideosUITests";
			sourceTree = "<group>";
		};
/* End PBXGroup section */

/* Begin PBXNativeTarget section */
		18737A7B2985347400368E5F /* SwiftUI-Videos */ = {
			isa = PBXNativeTarget;
			buildConfigurationList = 18737AA02985347500368E5F /* Build configuration list for PBXNativeTarget "SwiftUI-Videos" */;
			buildPhases = (
				18737A782985347400368E5F /* Sources */,
				18737A792985347400368E5F /* Frameworks */,
				18737A7A2985347400368E5F /* Resources */,
			);
			buildRules = (
			);
			dependencies = (
			);
			name = "SwiftUI-Videos";
			productName = "SwiftUI-Videos";
			productReference = 18737A7C2985347400368E5F /* SwiftUI-Videos.app */;
			productType = "com.apple.product-type.application";
		};
		18737A8B2985347500368E5F /* SwiftUI-VideosTests */ = {
			isa = PBXNativeTarget;
			buildConfigurationList = 18737AA32985347500368E5F /* Build configuration list for PBXNativeTarget "SwiftUI-VideosTests" */;
			buildPhases = (
				18737A882985347500368E5F /* Sources */,
				18737A892985347500368E5F /* Frameworks */,
				18737A8A2985347500368E5F /* Resources */,
			);
			buildRules = (
			);
			dependencies = (
				18737A8E2985347500368E5F /* PBXTargetDependency */,
			);
			name = "SwiftUI-VideosTests";
			productName = "SwiftUI-VideosTests";
			productReference = 18737A8C2985347500368E5F /* SwiftUI-VideosTests.xctest */;
			productType = "com.apple.product-type.bundle.unit-test";
		};
		18737A952985347500368E5F /* SwiftUI-VideosUITests */ = {
			isa = PBXNativeTarget;
			buildConfigurationList = 18737AA62985347500368E5F /* Build configuration list for PBXNativeTarget "SwiftUI-VideosUITests" */;
			buildPhases = (
				18737A922985347500368E5F /* Sources */,
				18737A932985347500368E5F /* Frameworks */,
				18737A942985347500368E5F /* Resources */,
			);
			buildRules = (
			);
			dependencies = (
				18737A982985347500368E5F /* PBXTargetDependency */,
			);
			name = "SwiftUI-VideosUITests";
			productName = "SwiftUI-VideosUITests";
			productReference = 18737A962985347500368E5F /* SwiftUI-VideosUITests.xctest */;
			productType = "com.apple.product-type.bundle.ui-testing";
		};
/* End PBXNativeTarget section */

/* Begin PBXProject section */
		18737A742985347400368E5F /* Project object */ = {
			isa = PBXProject;
			attributes = {
				BuildIndependentTargetsInParallel = 1;
				LastSwiftUpdateCheck = 1410;
				LastUpgradeCheck = 1410;
				TargetAttributes = {
					18737A7B2985347400368E5F = {
						CreatedOnToolsVersion = 14.1;
					};
					18737A8B2985347500368E5F = {
						CreatedOnToolsVersion = 14.1;
						TestTargetID = 18737A7B2985347400368E5F;
					};
					18737A952985347500368E5F = {
						CreatedOnToolsVersion = 14.1;
						TestTargetID = 18737A7B2985347400368E5F;
					};
				};
			};
			buildConfigurationList = 18737A772985347400368E5F /* Build configuration list for PBXProject "SwiftUI-Videos" */;
			compatibilityVersion = "Xcode 14.0";
			developmentRegion = en;
			hasScannedForEncodings = 0;
			knownRegions = (
				en,
				Base,
			);
			mainGroup = 18737A732985347400368E5F;
			productRefGroup = 18737A7D2985347400368E5F /* Products */;
			projectDirPath = "";
			projectRoot = "";
			targets = (
				18737A7B2985347400368E5F /* SwiftUI-Videos */,
				18737A8B2985347500368E5F /* SwiftUI-VideosTests */,
				18737A952985347500368E5F /* SwiftUI-VideosUITests */,
			);
		};
/* End PBXProject section */

/* Begin PBXResourcesBuildPhase section */
		18737A7A2985347400368E5F /* Resources */ = {
			isa = PBXResourcesBuildPhase;
			buildActionMask = 2147483647;
			files = (
				18737A872985347500368E5F /* Preview Assets.xcassets in Resources */,
				18737A842985347500368E5F /* Assets.xcassets in Resources */,
			);
			runOnlyForDeploymentPostprocessing = 0;
		};
		18737A8A2985347500368E5F /* Resources */ = {
			isa = PBXResourcesBuildPhase;
			buildActionMask = 2147483647;
			files = (
			);
			runOnlyForDeploymentPostprocessing = 0;
		};
		18737A942985347500368E5F /* Resources */ = {
			isa = PBXResourcesBuildPhase;
			buildActionMask = 2147483647;
			files = (
			);
			runOnlyForDeploymentPostprocessing = 0;
		};
/* End PBXResourcesBuildPhase section */

/* Begin PBXSourcesBuildPhase section */
		18737A782985347400368E5F /* Sources */ = {
			isa = PBXSourcesBuildPhase;
			buildActionMask = 2147483647;
			files = (
				18737AAA29853CA600368E5F /* Videos.swift in Sources */,
				18737A822985347400368E5F /* ContentView.swift in Sources */,
				18737A802985347400368E5F /* SwiftUI_VideosApp.swift in Sources */,
			);
			runOnlyForDeploymentPostprocessing = 0;
		};
		18737A882985347500368E5F /* Sources */ = {
			isa = PBXSourcesBuildPhase;
			buildActionMask = 2147483647;
			files = (
				18737A912985347500368E5F /* SwiftUI_VideosTests.swift in Sources */,
			);
			runOnlyForDeploymentPostprocessing = 0;
		};
		18737A922985347500368E5F /* Sources */ = {
			isa = PBXSourcesBuildPhase;
			buildActionMask = 2147483647;
			files = (
				18737A9D2985347500368E5F /* SwiftUI_VideosUITestsLaunchTests.swift in Sources */,
				18737A9B2985347500368E5F /* SwiftUI_VideosUITests.swift in Sources */,
			);
			runOnlyForDeploymentPostprocessing = 0;
		};
/* End PBXSourcesBuildPhase section */

/* Begin PBXTargetDependency section */
		18737A8E2985347500368E5F /* PBXTargetDependency */ = {
			isa = PBXTargetDependency;
			target = 18737A7B2985347400368E5F /* SwiftUI-Videos */;
			targetProxy = 18737A8D2985347500368E5F /* PBXContainerItemProxy */;
		};
		18737A982985347500368E5F /* PBXTargetDependency */ = {
			isa = PBXTargetDependency;
			target = 18737A7B2985347400368E5F /* SwiftUI-Videos */;
			targetProxy = 18737A972985347500368E5F /* PBXContainerItemProxy */;
		};
/* End PBXTargetDependency section */

/* Begin XCBuildConfiguration section */
		18737A9E2985347500368E5F /* Debug */ = {
			isa = XCBuildConfiguration;
			buildSettings = {
				ALWAYS_SEARCH_USER_PATHS = NO;
				CLANG_ANALYZER_NONNULL = YES;
				CLANG_ANALYZER_NUMBER_OBJECT_CONVERSION = YES_AGGRESSIVE;
				CLANG_CXX_LANGUAGE_STANDARD = "gnu++20";
				CLANG_ENABLE_MODULES = YES;
				CLANG_ENABLE_OBJC_ARC = YES;
				CLANG_ENABLE_OBJC_WEAK = YES;
				CLANG_WARN_BLOCK_CAPTURE_AUTORELEASING = YES;
				CLANG_WARN_BOOL_CONVERSION = YES;
				CLANG_WARN_COMMA = YES;
				CLANG_WARN_CONSTANT_CONVERSION = YES;
				CLANG_WARN_DEPRECATED_OBJC_IMPLEMENTATIONS = YES;
				CLANG_WARN_DIRECT_OBJC_ISA_USAGE = YES_ERROR;
				CLANG_WARN_DOCUMENTATION_COMMENTS = YES;
				CLANG_WARN_EMPTY_BODY = YES;
				CLANG_WARN_ENUM_CONVERSION = YES;
				CLANG_WARN_INFINITE_RECURSION = YES;
				CLANG_WARN_INT_CONVERSION = YES;
				CLANG_WARN_NON_LITERAL_NULL_CONVERSION = YES;
				CLANG_WARN_OBJC_IMPLICIT_RETAIN_SELF = YES;
				CLANG_WARN_OBJC_LITERAL_CONVERSION = YES;
				CLANG_WARN_OBJC_ROOT_CLASS = YES_ERROR;
				CLANG_WARN_QUOTED_INCLUDE_IN_FRAMEWORK_HEADER = YES;
				CLANG_WARN_RANGE_LOOP_ANALYSIS = YES;
				CLANG_WARN_STRICT_PROTOTYPES = YES;
				CLANG_WARN_SUSPICIOUS_MOVE = YES;
				CLANG_WARN_UNGUARDED_AVAILABILITY = YES_AGGRESSIVE;
				CLANG_WARN_UNREACHABLE_CODE = YES;
				CLANG_WARN__DUPLICATE_METHOD_MATCH = YES;
				COPY_PHASE_STRIP = NO;
				DEBUG_INFORMATION_FORMAT = dwarf;
				ENABLE_STRICT_OBJC_MSGSEND = YES;
				ENABLE_TESTABILITY = YES;
				GCC_C_LANGUAGE_STANDARD = gnu11;
				GCC_DYNAMIC_NO_PIC = NO;
				GCC_NO_COMMON_BLOCKS = YES;
				GCC_OPTIMIZATION_LEVEL = 0;
				GCC_PREPROCESSOR_DEFINITIONS = (
					"DEBUG=1",
					"$(inherited)",
				);
				GCC_WARN_64_TO_32_BIT_CONVERSION = YES;
				GCC_WARN_ABOUT_RETURN_TYPE = YES_ERROR;
				GCC_WARN_UNDECLARED_SELECTOR = YES;
				GCC_WARN_UNINITIALIZED_AUTOS = YES_AGGRESSIVE;
				GCC_WARN_UNUSED_FUNCTION = YES;
				GCC_WARN_UNUSED_VARIABLE = YES;
				IPHONEOS_DEPLOYMENT_TARGET = 16.1;
				MTL_ENABLE_DEBUG_INFO = INCLUDE_SOURCE;
				MTL_FAST_MATH = YES;
				ONLY_ACTIVE_ARCH = YES;
				SDKROOT = iphoneos;
				SWIFT_ACTIVE_COMPILATION_CONDITIONS = DEBUG;
				SWIFT_OPTIMIZATION_LEVEL = "-Onone";
			};
			name = Debug;
		};
		18737A9F2985347500368E5F /* Release */ = {
			isa = XCBuildConfiguration;
			buildSettings = {
				ALWAYS_SEARCH_USER_PATHS = NO;
				CLANG_ANALYZER_NONNULL = YES;
				CLANG_ANALYZER_NUMBER_OBJECT_CONVERSION = YES_AGGRESSIVE;
				CLANG_CXX_LANGUAGE_STANDARD = "gnu++20";
				CLANG_ENABLE_MODULES = YES;
				CLANG_ENABLE_OBJC_ARC = YES;
				CLANG_ENABLE_OBJC_WEAK = YES;
				CLANG_WARN_BLOCK_CAPTURE_AUTORELEASING = YES;
				CLANG_WARN_BOOL_CONVERSION = YES;
				CLANG_WARN_COMMA = YES;
				CLANG_WARN_CONSTANT_CONVERSION = YES;
				CLANG_WARN_DEPRECATED_OBJC_IMPLEMENTATIONS = YES;
				CLANG_WARN_DIRECT_OBJC_ISA_USAGE = YES_ERROR;
				CLANG_WARN_DOCUMENTATION_COMMENTS = YES;
				CLANG_WARN_EMPTY_BODY = YES;
				CLANG_WARN_ENUM_CONVERSION = YES;
				CLANG_WARN_INFINITE_RECURSION = YES;
				CLANG_WARN_INT_CONVERSION = YES;
				CLANG_WARN_NON_LITERAL_NULL_CONVERSION = YES;
				CLANG_WARN_OBJC_IMPLICIT_RETAIN_SELF = YES;
				CLANG_WARN_OBJC_LITERAL_CONVERSION = YES;
				CLANG_WARN_OBJC_ROOT_CLASS = YES_ERROR;
				CLANG_WARN_QUOTED_INCLUDE_IN_FRAMEWORK_HEADER = YES;
				CLANG_WARN_RANGE_LOOP_ANALYSIS = YES;
				CLANG_WARN_STRICT_PROTOTYPES = YES;
				CLANG_WARN_SUSPICIOUS_MOVE = YES;
				CLANG_WARN_UNGUARDED_AVAILABILITY = YES_AGGRESSIVE;
				CLANG_WARN_UNREACHABLE_CODE = YES;
				CLANG_WARN__DUPLICATE_METHOD_MATCH = YES;
				COPY_PHASE_STRIP = NO;
				DEBUG_INFORMATION_FORMAT = "dwarf-with-dsym";
				ENABLE_NS_ASSERTIONS = NO;
				ENABLE_STRICT_OBJC_MSGSEND = YES;
				GCC_C_LANGUAGE_STANDARD = gnu11;
				GCC_NO_COMMON_BLOCKS = YES;
				GCC_WARN_64_TO_32_BIT_CONVERSION = YES;
				GCC_WARN_ABOUT_RETURN_TYPE = YES_ERROR;
				GCC_WARN_UNDECLARED_SELECTOR = YES;
				GCC_WARN_UNINITIALIZED_AUTOS = YES_AGGRESSIVE;
				GCC_WARN_UNUSED_FUNCTION = YES;
				GCC_WARN_UNUSED_VARIABLE = YES;
				IPHONEOS_DEPLOYMENT_TARGET = 16.1;
				MTL_ENABLE_DEBUG_INFO = NO;
				MTL_FAST_MATH = YES;
				SDKROOT = iphoneos;
				SWIFT_COMPILATION_MODE = wholemodule;
				SWIFT_OPTIMIZATION_LEVEL = "-O";
				VALIDATE_PRODUCT = YES;
			};
			name = Release;
		};
		18737AA12985347500368E5F /* Debug */ = {
			isa = XCBuildConfiguration;
			buildSettings = {
				ASSETCATALOG_COMPILER_APPICON_NAME = AppIcon;
				ASSETCATALOG_COMPILER_GLOBAL_ACCENT_COLOR_NAME = AccentColor;
				CODE_SIGN_STYLE = Automatic;
				CURRENT_PROJECT_VERSION = 1;
				DEVELOPMENT_ASSET_PATHS = "\"SwiftUI-Videos/Preview Content\"";
				ENABLE_PREVIEWS = YES;
				GENERATE_INFOPLIST_FILE = YES;
				INFOPLIST_KEY_UIApplicationSceneManifest_Generation = YES;
				INFOPLIST_KEY_UIApplicationSupportsIndirectInputEvents = YES;
				INFOPLIST_KEY_UILaunchScreen_Generation = YES;
				INFOPLIST_KEY_UISupportedInterfaceOrientations_iPad = "UIInterfaceOrientationPortrait UIInterfaceOrientationPortraitUpsideDown UIInterfaceOrientationLandscapeLeft UIInterfaceOrientationLandscapeRight";
				INFOPLIST_KEY_UISupportedInterfaceOrientations_iPhone = "UIInterfaceOrientationPortrait UIInterfaceOrientationLandscapeLeft UIInterfaceOrientationLandscapeRight";
				LD_RUNPATH_SEARCH_PATHS = (
					"$(inherited)",
					"@executable_path/Frameworks",
				);
				MARKETING_VERSION = 1.0;
				PRODUCT_BUNDLE_IDENTIFIER = "com.mycompany.SwiftUI-Videos";
				PRODUCT_NAME = "$(TARGET_NAME)";
				SWIFT_EMIT_LOC_STRINGS = YES;
				SWIFT_VERSION = 5.0;
				TARGETED_DEVICE_FAMILY = "1,2";
			};
			name = Debug;
		};
		18737AA22985347500368E5F /* Release */ = {
			isa = XCBuildConfiguration;
			buildSettings = {
				ASSETCATALOG_COMPILER_APPICON_NAME = AppIcon;
				ASSETCATALOG_COMPILER_GLOBAL_ACCENT_COLOR_NAME = AccentColor;
				CODE_SIGN_STYLE = Automatic;
				CURRENT_PROJECT_VERSION = 1;
				DEVELOPMENT_ASSET_PATHS = "\"SwiftUI-Videos/Preview Content\"";
				ENABLE_PREVIEWS = YES;
				GENERATE_INFOPLIST_FILE = YES;
				INFOPLIST_KEY_UIApplicationSceneManifest_Generation = YES;
				INFOPLIST_KEY_UIApplicationSupportsIndirectInputEvents = YES;
				INFOPLIST_KEY_UILaunchScreen_Generation = YES;
				INFOPLIST_KEY_UISupportedInterfaceOrientations_iPad = "UIInterfaceOrientationPortrait UIInterfaceOrientationPortraitUpsideDown UIInterfaceOrientationLandscapeLeft UIInterfaceOrientationLandscapeRight";
				INFOPLIST_KEY_UISupportedInterfaceOrientations_iPhone = "UIInterfaceOrientationPortrait UIInterfaceOrientationLandscapeLeft UIInterfaceOrientationLandscapeRight";
				LD_RUNPATH_SEARCH_PATHS = (
					"$(inherited)",
					"@executable_path/Frameworks",
				);
				MARKETING_VERSION = 1.0;
				PRODUCT_BUNDLE_IDENTIFIER = "com.mycompany.SwiftUI-Videos";
				PRODUCT_NAME = "$(TARGET_NAME)";
				SWIFT_EMIT_LOC_STRINGS = YES;
				SWIFT_VERSION = 5.0;
				TARGETED_DEVICE_FAMILY = "1,2";
			};
			name = Release;
		};
		18737AA42985347500368E5F /* Debug */ = {
			isa = XCBuildConfiguration;
			buildSettings = {
				ALWAYS_EMBED_SWIFT_STANDARD_LIBRARIES = YES;
				BUNDLE_LOADER = "$(TEST_HOST)";
				CODE_SIGN_STYLE = Automatic;
				CURRENT_PROJECT_VERSION = 1;
				GENERATE_INFOPLIST_FILE = YES;
				IPHONEOS_DEPLOYMENT_TARGET = 16.1;
				MARKETING_VERSION = 1.0;
				PRODUCT_BUNDLE_IDENTIFIER = "com.mycompany.SwiftUI-VideosTests";
				PRODUCT_NAME = "$(TARGET_NAME)";
				SWIFT_EMIT_LOC_STRINGS = NO;
				SWIFT_VERSION = 5.0;
				TARGETED_DEVICE_FAMILY = "1,2";
				TEST_HOST = "$(BUILT_PRODUCTS_DIR)/SwiftUI-Videos.app/$(BUNDLE_EXECUTABLE_FOLDER_PATH)/SwiftUI-Videos";
			};
			name = Debug;
		};
		18737AA52985347500368E5F /* Release */ = {
			isa = XCBuildConfiguration;
			buildSettings = {
				ALWAYS_EMBED_SWIFT_STANDARD_LIBRARIES = YES;
				BUNDLE_LOADER = "$(TEST_HOST)";
				CODE_SIGN_STYLE = Automatic;
				CURRENT_PROJECT_VERSION = 1;
				GENERATE_INFOPLIST_FILE = YES;
				IPHONEOS_DEPLOYMENT_TARGET = 16.1;
				MARKETING_VERSION = 1.0;
				PRODUCT_BUNDLE_IDENTIFIER = "com.mycompany.SwiftUI-VideosTests";
				PRODUCT_NAME = "$(TARGET_NAME)";
				SWIFT_EMIT_LOC_STRINGS = NO;
				SWIFT_VERSION = 5.0;
				TARGETED_DEVICE_FAMILY = "1,2";
				TEST_HOST = "$(BUILT_PRODUCTS_DIR)/SwiftUI-Videos.app/$(BUNDLE_EXECUTABLE_FOLDER_PATH)/SwiftUI-Videos";
			};
			name = Release;
		};
		18737AA72985347500368E5F /* Debug */ = {
			isa = XCBuildConfiguration;
			buildSettings = {
				ALWAYS_EMBED_SWIFT_STANDARD_LIBRARIES = YES;
				CODE_SIGN_STYLE = Automatic;
				CURRENT_PROJECT_VERSION = 1;
				GENERATE_INFOPLIST_FILE = YES;
				MARKETING_VERSION = 1.0;
				PRODUCT_BUNDLE_IDENTIFIER = "com.mycompany.SwiftUI-VideosUITests";
				PRODUCT_NAME = "$(TARGET_NAME)";
				SWIFT_EMIT_LOC_STRINGS = NO;
				SWIFT_VERSION = 5.0;
				TARGETED_DEVICE_FAMILY = "1,2";
				TEST_TARGET_NAME = "SwiftUI-Videos";
			};
			name = Debug;
		};
		18737AA82985347500368E5F /* Release */ = {
			isa = XCBuildConfiguration;
			buildSettings = {
				ALWAYS_EMBED_SWIFT_STANDARD_LIBRARIES = YES;
				CODE_SIGN_STYLE = Automatic;
				CURRENT_PROJECT_VERSION = 1;
				GENERATE_INFOPLIST_FILE = YES;
				MARKETING_VERSION = 1.0;
				PRODUCT_BUNDLE_IDENTIFIER = "com.mycompany.SwiftUI-VideosUITests";
				PRODUCT_NAME = "$(TARGET_NAME)";
				SWIFT_EMIT_LOC_STRINGS = NO;
				SWIFT_VERSION = 5.0;
				TARGETED_DEVICE_FAMILY = "1,2";
				TEST_TARGET_NAME = "SwiftUI-Videos";
			};
			name = Release;
		};
/* End XCBuildConfiguration section */

/* Begin XCConfigurationList section */
		18737A772985347400368E5F /* Build configuration list for PBXProject "SwiftUI-Videos" */ = {
			isa = XCConfigurationList;
			buildConfigurations = (
				18737A9E2985347500368E5F /* Debug */,
				18737A9F2985347500368E5F /* Release */,
			);
			defaultConfigurationIsVisible = 0;
			defaultConfigurationName = Release;
		};
		18737AA02985347500368E5F /* Build configuration list for PBXNativeTarget "SwiftUI-Videos" */ = {
			isa = XCConfigurationList;
			buildConfigurations = (
				18737AA12985347500368E5F /* Debug */,
				18737AA22985347500368E5F /* Release */,
			);
			defaultConfigurationIsVisible = 0;
			defaultConfigurationName = Release;
		};
		18737AA32985347500368E5F /* Build configuration list for PBXNativeTarget "SwiftUI-VideosTests" */ = {
			isa = XCConfigurationList;
			buildConfigurations = (
				18737AA42985347500368E5F /* Debug */,
				18737AA52985347500368E5F /* Release */,
			);
			defaultConfigurationIsVisible = 0;
			defaultConfigurationName = Release;
		};
		18737AA62985347500368E5F /* Build configuration list for PBXNativeTarget "SwiftUI-VideosUITests" */ = {
			isa = XCConfigurationList;
			buildConfigurations = (
				18737AA72985347500368E5F /* Debug */,
				18737AA82985347500368E5F /* Release */,
			);
			defaultConfigurationIsVisible = 0;
			defaultConfigurationName = Release;
		};
/* End XCConfigurationList section */
	};
	rootObject = 18737A742985347400368E5F /* Project object */;
}
